
Microsoft Visual Studio Solution File, Format Version 12.00
# Visual Studio Version 17
VisualStudioVersion = 17.5.002.0
MinimumVisualStudioVersion = 10.0.40219.1
Project("{9A19103F-16F7-4668-BE54-9A1E7A4F7556}") = "MertLesson010", "MertLesson010.csproj", "{A960AFF8-6955-428F-8E9B-5249E200E9FD}"
EndProject
Global
	GlobalSection(SolutionConfigurationPlatforms) = preSolution
		Debug|Any CPU = Debug|Any CPU
		Release|Any CPU = Release|Any CPU
	EndGlobalSection
	GlobalSection(ProjectConfigurationPlatforms) = postSolution
		{A960AFF8-6955-428F-8E9B-5249E200E9FD}.Debug|Any CPU.ActiveCfg = Debug|Any CPU
		{A960AFF8-6955-428F-8E9B-5249E200E9FD}.Debug|Any CPU.Build.0 = Debug|Any CPU
		{A960AFF8-6955-428F-8E9B-5249E200E9FD}.Release|Any CPU.ActiveCfg = Release|Any CPU
		{A960AFF8-6955-428F-8E9B-5249E200E9FD}.Release|Any CPU.Build.0 = Release|Any CPU
	EndGlobalSection
	GlobalSection(SolutionProperties) = preSolution
		HideSolutionNode = FALSE
	EndGlobalSection
	GlobalSection(ExtensibilityGlobals) = postSolution
		SolutionGuid = {76B75F00-D84E-4B8B-A3ED-CF7D6F81EDB3}
	EndGlobalSection
EndGlobal
